
Microsoft Visual Studio Solution File, Format Version 12.00
# Visual Studio 15
VisualStudioVersion = 15.0.28010.2036
MinimumVisualStudioVersion = 10.0.40219.1
Project("{FAE04EC0-301F-11D3-BF4B-00C04F79EFBC}") = "WelcomeToTheTeam", "WelcomeToTheTeam\WelcomeToTheTeam.csproj", "{52BBF899-A095-4E1A-B83C-36595FE8A905}"
EndProject
Global
	GlobalSection(SolutionConfigurationPlatforms) = preSolution
		Debug|Any CPU = Debug|Any CPU
		Release|Any CPU = Release|Any CPU
	EndGlobalSection
	GlobalSection(ProjectConfigurationPlatforms) = postSolution
		{52BBF899-A095-4E1A-B83C-36595FE8A905}.Debug|Any CPU.ActiveCfg = Debug|Any CPU
		{52BBF899-A095-4E1A-B83C-36595FE8A905}.Debug|Any CPU.Build.0 = Debug|Any CPU
		{52BBF899-A095-4E1A-B83C-36595FE8A905}.Release|Any CPU.ActiveCfg = Release|Any CPU
		{52BBF899-A095-4E1A-B83C-36595FE8A905}.Release|Any CPU.Build.0 = Release|Any CPU
	EndGlobalSection
	GlobalSection(SolutionProperties) = preSolution
		HideSolutionNode = FALSE
	EndGlobalSection
	GlobalSection(ExtensibilityGlobals) = postSolution
		SolutionGuid = {6816A8DF-2017-42F1-BEBD-6C9291959F53}
	EndGlobalSection
EndGlobal
